
Microsoft Visual Studio Solution File, Format Version 12.00
# Visual Studio Version 16
VisualStudioVersion = 16.0.29709.97
MinimumVisualStudioVersion = 10.0.40219.1
Project("{FAE04EC0-301F-11D3-BF4B-00C04F79EFBC}") = "SSO_ACT_1", "STL_ACT_1\SSO_ACT_1.csproj", "{A1D4AD03-9AB1-4F78-8363-1355035A3B97}"
EndProject
Global
	GlobalSection(SolutionConfigurationPlatforms) = preSolution
		Debug|Any CPU = Debug|Any CPU
		Release|Any CPU = Release|Any CPU
	EndGlobalSection
	GlobalSection(ProjectConfigurationPlatforms) = postSolution
		{A1D4AD03-9AB1-4F78-8363-1355035A3B97}.Debug|Any CPU.ActiveCfg = Debug|Any CPU
		{A1D4AD03-9AB1-4F78-8363-1355035A3B97}.Debug|Any CPU.Build.0 = Debug|Any CPU
		{A1D4AD03-9AB1-4F78-8363-1355035A3B97}.Release|Any CPU.ActiveCfg = Release|Any CPU
		{A1D4AD03-9AB1-4F78-8363-1355035A3B97}.Release|Any CPU.Build.0 = Release|Any CPU
	EndGlobalSection
	GlobalSection(SolutionProperties) = preSolution
		HideSolutionNode = FALSE
	EndGlobalSection
	GlobalSection(ExtensibilityGlobals) = postSolution
		SolutionGuid = {CF8290E0-BFA6-4526-927F-D98434F80B69}
	EndGlobalSection
EndGlobal
